// !$*UTF8*$!
{
	archiveVersion = 1;
	classes = {
	};
	objectVersion = 50;
	objects = {

/* Begin PBXBuildFile section */
		1706C1DB96EE1A54BF1F420D /* Pods_FBSharingTool.framework in Frameworks */ = {isa = PBXBuildFile; fileRef = 547CB615B795E9BAFD060778 /* Pods_FBSharingTool.framework */; };
		440A91B821BBBBB200F2035D /* ic_2.jpg in Resources */ = {isa = PBXBuildFile; fileRef = 440A91B721BBBBB200F2035D /* ic_2.jpg */; };
		440FEB1221B19CFC00AA1867 /* AppDelegate.swift in Sources */ = {isa = PBXBuildFile; fileRef = 440FEB1121B19CFC00AA1867 /* AppDelegate.swift */; };
		440FEB1421B19CFC00AA1867 /* ViewController.swift in Sources */ = {isa = PBXBuildFile; fileRef = 440FEB1321B19CFC00AA1867 /* ViewController.swift */; };
		440FEB1721B19CFC00AA1867 /* Main.storyboard in Resources */ = {isa = PBXBuildFile; fileRef = 440FEB1521B19CFC00AA1867 /* Main.storyboard */; };
		440FEB1A21B19CFC00AA1867 /* FBSharingTool.xcdatamodeld in Sources */ = {isa = PBXBuildFile; fileRef = 440FEB1821B19CFC00AA1867 /* FBSharingTool.xcdatamodeld */; };
		440FEB1C21B19CFE00AA1867 /* Assets.xcassets in Resources */ = {isa = PBXBuildFile; fileRef = 440FEB1B21B19CFE00AA1867 /* Assets.xcassets */; };
		440FEB1F21B19CFE00AA1867 /* LaunchScreen.storyboard in Resources */ = {isa = PBXBuildFile; fileRef = 440FEB1D21B19CFE00AA1867 /* LaunchScreen.storyboard */; };
		440FEB2B21B1A71B00AA1867 /* Social.framework in Frameworks */ = {isa = PBXBuildFile; fileRef = 440FEB2A21B1A71B00AA1867 /* Social.framework */; };
/* End PBXBuildFile section */

/* Begin PBXFileReference section */
		163A2473F58ABED6199008FC /* Pods-FBSharingTool.release.xcconfig */ = {isa = PBXFileReference; includeInIndex = 1; lastKnownFileType = text.xcconfig; name = "Pods-FBSharingTool.release.xcconfig"; path = "Pods/Target Support Files/Pods-FBSharingTool/Pods-FBSharingTool.release.xcconfig"; sourceTree = "<group>"; };
		440A91B721BBBBB200F2035D /* ic_2.jpg */ = {isa = PBXFileReference; lastKnownFileType = image.jpeg; path = ic_2.jpg; sourceTree = "<group>"; };
		440FEB0E21B19CFC00AA1867 /* FBSharingTool.app */ = {isa = PBXFileReference; explicitFileType = wrapper.application; includeInIndex = 0; path = FBSharingTool.app; sourceTree = BUILT_PRODUCTS_DIR; };
		440FEB1121B19CFC00AA1867 /* AppDelegate.swift */ = {isa = PBXFileReference; lastKnownFileType = sourcecode.swift; path = AppDelegate.swift; sourceTree = "<group>"; };
		440FEB1321B19CFC00AA1867 /* ViewController.swift */ = {isa = PBXFileReference; lastKnownFileType = sourcecode.swift; path = ViewController.swift; sourceTree = "<group>"; };
		440FEB1621B19CFC00AA1867 /* Base */ = {isa = PBXFileReference; lastKnownFileType = file.storyboard; name = Base; path = Base.lproj/Main.storyboard; sourceTree = "<group>"; };
		440FEB1921B19CFC00AA1867 /* FBSharingTool.xcdatamodel */ = {isa = PBXFileReference; lastKnownFileType = wrapper.xcdatamodel; path = FBSharingTool.xcdatamodel; sourceTree = "<group>"; };
		440FEB1B21B19CFE00AA1867 /* Assets.xcassets */ = {isa = PBXFileReference; lastKnownFileType = folder.assetcatalog; path = Assets.xcassets; sourceTree = "<group>"; };
		440FEB1E21B19CFE00AA1867 /* Base */ = {isa = PBXFileReference; lastKnownFileType = file.storyboard; name = Base; path = Base.lproj/LaunchScreen.storyboard; sourceTree = "<group>"; };
		440FEB2021B19CFE00AA1867 /* Info.plist */ = {isa = PBXFileReference; lastKnownFileType = text.plist.xml; path = Info.plist; sourceTree = "<group>"; };
		440FEB2621B1A6F000AA1867 /* FBSharingTool-Bridging-Header.h */ = {isa = PBXFileReference; lastKnownFileType = sourcecode.c.h; path = "FBSharingTool-Bridging-Header.h"; sourceTree = "<group>"; };
		440FEB2A21B1A71B00AA1867 /* Social.framework */ = {isa = PBXFileReference; lastKnownFileType = wrapper.framework; name = Social.framework; path = System/Library/Frameworks/Social.framework; sourceTree = SDKROOT; };
		4AA1374837C97017D4F4B5A6 /* Pods-FBSharingTool.debug.xcconfig */ = {isa = PBXFileReference; includeInIndex = 1; lastKnownFileType = text.xcconfig; name = "Pods-FBSharingTool.debug.xcconfig"; path = "Pods/Target Support Files/Pods-FBSharingTool/Pods-FBSharingTool.debug.xcconfig"; sourceTree = "<group>"; };
		547CB615B795E9BAFD060778 /* Pods_FBSharingTool.framework */ = {isa = PBXFileReference; explicitFileType = wrapper.framework; includeInIndex = 0; path = Pods_FBSharingTool.framework; sourceTree = BUILT_PRODUCTS_DIR; };
/* End PBXFileReference section */

/* Begin PBXFrameworksBuildPhase section */
		440FEB0B21B19CFC00AA1867 /* Frameworks */ = {
			isa = PBXFrameworksBuildPhase;
			buildActionMask = 2147483647;
			files = (
				440FEB2B21B1A71B00AA1867 /* Social.framework in Frameworks */,
				1706C1DB96EE1A54BF1F420D /* Pods_FBSharingTool.framework in Frameworks */,
			);
			runOnlyForDeploymentPostprocessing = 0;
		};
/* End PBXFrameworksBuildPhase section */

/* Begin PBXGroup section */
		16F1F16DA6945D9DB4F42B42 /* Pods */ = {
			isa = PBXGroup;
			children = (
				4AA1374837C97017D4F4B5A6 /* Pods-FBSharingTool.debug.xcconfig */,
				163A2473F58ABED6199008FC /* Pods-FBSharingTool.release.xcconfig */,
			);
			name = Pods;
			sourceTree = "<group>";
		};
		440FEB0521B19CFC00AA1867 = {
			isa = PBXGroup;
			children = (
				440FEB1021B19CFC00AA1867 /* FBSharingTool */,
				440FEB2621B1A6F000AA1867 /* FBSharingTool-Bridging-Header.h */,
				440FEB0F21B19CFC00AA1867 /* Products */,
				16F1F16DA6945D9DB4F42B42 /* Pods */,
				A9C34505EAE24A559A64AFE9 /* Frameworks */,
			);
			sourceTree = "<group>";
		};
		440FEB0F21B19CFC00AA1867 /* Products */ = {
			isa = PBXGroup;
			children = (
				440FEB0E21B19CFC00AA1867 /* FBSharingTool.app */,
			);
			name = Products;
			sourceTree = "<group>";
		};
		440FEB1021B19CFC00AA1867 /* FBSharingTool */ = {
			isa = PBXGroup;
			children = (
				440FEB1121B19CFC00AA1867 /* AppDelegate.swift */,
				440FEB1321B19CFC00AA1867 /* ViewController.swift */,
				440FEB1521B19CFC00AA1867 /* Main.storyboard */,
				440FEB1B21B19CFE00AA1867 /* Assets.xcassets */,
				440FEB1D21B19CFE00AA1867 /* LaunchScreen.storyboard */,
				440FEB2021B19CFE00AA1867 /* Info.plist */,
				440A91B721BBBBB200F2035D /* ic_2.jpg */,
				440FEB1821B19CFC00AA1867 /* FBSharingTool.xcdatamodeld */,
			);
			path = FBSharingTool;
			sourceTree = "<group>";
		};
		A9C34505EAE24A559A64AFE9 /* Frameworks */ = {
			isa = PBXGroup;
			children = (
				440FEB2A21B1A71B00AA1867 /* Social.framework */,
				547CB615B795E9BAFD060778 /* Pods_FBSharingTool.framework */,
			);
			name = Frameworks;
			sourceTree = "<group>";
		};
/* End PBXGroup section */

/* Begin PBXNativeTarget section */
		440FEB0D21B19CFC00AA1867 /* FBSharingTool */ = {
			isa = PBXNativeTarget;
			buildConfigurationList = 440FEB2321B19CFE00AA1867 /* Build configuration list for PBXNativeTarget "FBSharingTool" */;
			buildPhases = (
				9C38351ED19CB5EEB80DA014 /* [CP] Check Pods Manifest.lock */,
				440FEB0A21B19CFC00AA1867 /* Sources */,
				440FEB0B21B19CFC00AA1867 /* Frameworks */,
				440FEB0C21B19CFC00AA1867 /* Resources */,
			);
			buildRules = (
			);
			dependencies = (
			);
			name = FBSharingTool;
			productName = FBSharingTool;
			productReference = 440FEB0E21B19CFC00AA1867 /* FBSharingTool.app */;
			productType = "com.apple.product-type.application";
		};
/* End PBXNativeTarget section */

/* Begin PBXProject section */
		440FEB0621B19CFC00AA1867 /* Project object */ = {
			isa = PBXProject;
			attributes = {
				LastSwiftUpdateCheck = 1010;
				LastUpgradeCheck = 1010;
				ORGANIZATIONNAME = Suraj;
				TargetAttributes = {
					440FEB0D21B19CFC00AA1867 = {
						CreatedOnToolsVersion = 10.1;
						LastSwiftMigration = 1010;
					};
				};
			};
			buildConfigurationList = 440FEB0921B19CFC00AA1867 /* Build configuration list for PBXProject "FBSharingTool" */;
			compatibilityVersion = "Xcode 9.3";
			developmentRegion = en;
			hasScannedForEncodings = 0;
			knownRegions = (
				en,
				Base,
			);
			mainGroup = 440FEB0521B19CFC00AA1867;
			productRefGroup = 440FEB0F21B19CFC00AA1867 /* Products */;
			projectDirPath = "";
			projectRoot = "";
			targets = (
				440FEB0D21B19CFC00AA1867 /* FBSharingTool */,
			);
		};
/* End PBXProject section */

/* Begin PBXResourcesBuildPhase section */
		440FEB0C21B19CFC00AA1867 /* Resources */ = {
			isa = PBXResourcesBuildPhase;
			buildActionMask = 2147483647;
			files = (
				440A91B821BBBBB200F2035D /* ic_2.jpg in Resources */,
				440FEB1F21B19CFE00AA1867 /* LaunchScreen.storyboard in Resources */,
				440FEB1C21B19CFE00AA1867 /* Assets.xcassets in Resources */,
				440FEB1721B19CFC00AA1867 /* Main.storyboard in Resources */,
			);
			runOnlyForDeploymentPostprocessing = 0;
		};
/* End PBXResourcesBuildPhase section */

/* Begin PBXShellScriptBuildPhase section */
		9C38351ED19CB5EEB80DA014 /* [CP] Check Pods Manifest.lock */ = {
			isa = PBXShellScriptBuildPhase;
			buildActionMask = 2147483647;
			files = (
			);
			inputPaths = (
				"${PODS_PODFILE_DIR_PATH}/Podfile.lock",
				"${PODS_ROOT}/Manifest.lock",
			);
			name = "[CP] Check Pods Manifest.lock";
			outputPaths = (
				"$(DERIVED_FILE_DIR)/Pods-FBSharingTool-checkManifestLockResult.txt",
			);
			runOnlyForDeploymentPostprocessing = 0;
			shellPath = /bin/sh;
			shellScript = "diff \"${PODS_PODFILE_DIR_PATH}/Podfile.lock\" \"${PODS_ROOT}/Manifest.lock\" > /dev/null\nif [ $? != 0 ] ; then\n    # print error to STDERR\n    echo \"error: The sandbox is not in sync with the Podfile.lock. Run 'pod install' or update your CocoaPods installation.\" >&2\n    exit 1\nfi\n# This output is used by Xcode 'outputs' to avoid re-running this script phase.\necho \"SUCCESS\" > \"${SCRIPT_OUTPUT_FILE_0}\"\n";
			showEnvVarsInLog = 0;
		};
/* End PBXShellScriptBuildPhase section */

/* Begin PBXSourcesBuildPhase section */
		440FEB0A21B19CFC00AA1867 /* Sources */ = {
			isa = PBXSourcesBuildPhase;
			buildActionMask = 2147483647;
			files = (
				440FEB1A21B19CFC00AA1867 /* FBSharingTool.xcdatamodeld in Sources */,
				440FEB1421B19CFC00AA1867 /* ViewController.swift in Sources */,
				440FEB1221B19CFC00AA1867 /* AppDelegate.swift in Sources */,
			);
			runOnlyForDeploymentPostprocessing = 0;
		};
/* End PBXSourcesBuildPhase section */

/* Begin PBXVariantGroup section */
		440FEB1521B19CFC00AA1867 /* Main.storyboard */ = {
			isa = PBXVariantGroup;
			children = (
				440FEB1621B19CFC00AA1867 /* Base */,
			);
			name = Main.storyboard;
			sourceTree = "<group>";
		};
		440FEB1D21B19CFE00AA1867 /* LaunchScreen.storyboard */ = {
			isa = PBXVariantGroup;
			children = (
				440FEB1E21B19CFE00AA1867 /* Base */,
			);
			name = LaunchScreen.storyboard;
			sourceTree = "<group>";
		};
/* End PBXVariantGroup section */

/* Begin XCBuildConfiguration section */
		440FEB2121B19CFE00AA1867 /* Debug */ = {
			isa = XCBuildConfiguration;
			buildSettings = {
				ALWAYS_SEARCH_USER_PATHS = NO;
				CLANG_ANALYZER_NONNULL = YES;
				CLANG_ANALYZER_NUMBER_OBJECT_CONVERSION = YES_AGGRESSIVE;
				CLANG_CXX_LANGUAGE_STANDARD = "gnu++14";
				CLANG_CXX_LIBRARY = "libc++";
				CLANG_ENABLE_MODULES = YES;
				CLANG_ENABLE_OBJC_ARC = YES;
				CLANG_ENABLE_OBJC_WEAK = YES;
				CLANG_WARN_BLOCK_CAPTURE_AUTORELEASING = YES;
				CLANG_WARN_BOOL_CONVERSION = YES;
				CLANG_WARN_COMMA = YES;
				CLANG_WARN_CONSTANT_CONVERSION = YES;
				CLANG_WARN_DEPRECATED_OBJC_IMPLEMENTATIONS = YES;
				CLANG_WARN_DIRECT_OBJC_ISA_USAGE = YES_ERROR;
				CLANG_WARN_DOCUMENTATION_COMMENTS = YES;
				CLANG_WARN_EMPTY_BODY = YES;
				CLANG_WARN_ENUM_CONVERSION = YES;
				CLANG_WARN_INFINITE_RECURSION = YES;
				CLANG_WARN_INT_CONVERSION = YES;
				CLANG_WARN_NON_LITERAL_NULL_CONVERSION = YES;
				CLANG_WARN_OBJC_IMPLICIT_RETAIN_SELF = YES;
				CLANG_WARN_OBJC_LITERAL_CONVERSION = YES;
				CLANG_WARN_OBJC_ROOT_CLASS = YES_ERROR;
				CLANG_WARN_RANGE_LOOP_ANALYSIS = YES;
				CLANG_WARN_STRICT_PROTOTYPES = YES;
				CLANG_WARN_SUSPICIOUS_MOVE = YES;
				CLANG_WARN_UNGUARDED_AVAILABILITY = YES_AGGRESSIVE;
				CLANG_WARN_UNREACHABLE_CODE = YES;
				CLANG_WARN__DUPLICATE_METHOD_MATCH = YES;
				CODE_SIGN_IDENTITY = "iPhone Developer";
				COPY_PHASE_STRIP = NO;
				DEBUG_INFORMATION_FORMAT = dwarf;
				ENABLE_STRICT_OBJC_MSGSEND = YES;
				ENABLE_TESTABILITY = YES;
				GCC_C_LANGUAGE_STANDARD = gnu11;
				GCC_DYNAMIC_NO_PIC = NO;
				GCC_NO_COMMON_BLOCKS = YES;
				GCC_OPTIMIZATION_LEVEL = 0;
				GCC_PREPROCESSOR_DEFINITIONS = (
					"DEBUG=1",
					"$(inherited)",
				);
				GCC_WARN_64_TO_32_BIT_CONVERSION = YES;
				GCC_WARN_ABOUT_RETURN_TYPE = YES_ERROR;
				GCC_WARN_UNDECLARED_SELECTOR = YES;
				GCC_WARN_UNINITIALIZED_AUTOS = YES_AGGRESSIVE;
				GCC_WARN_UNUSED_FUNCTION = YES;
				GCC_WARN_UNUSED_VARIABLE = YES;
				IPHONEOS_DEPLOYMENT_TARGET = 12.1;
				MTL_ENABLE_DEBUG_INFO = INCLUDE_SOURCE;
				MTL_FAST_MATH = YES;
				ONLY_ACTIVE_ARCH = YES;
				SDKROOT = iphoneos;
				SWIFT_ACTIVE_COMPILATION_CONDITIONS = DEBUG;
				SWIFT_OPTIMIZATION_LEVEL = "-Onone";
			};
			name = Debug;
		};
		440FEB2221B19CFE00AA1867 /* Release */ = {
			isa = XCBuildConfiguration;
			buildSettings = {
				ALWAYS_SEARCH_USER_PATHS = NO;
				CLANG_ANALYZER_NONNULL = YES;
				CLANG_ANALYZER_NUMBER_OBJECT_CONVERSION = YES_AGGRESSIVE;
				CLANG_CXX_LANGUAGE_STANDARD = "gnu++14";
				CLANG_CXX_LIBRARY = "libc++";
				CLANG_ENABLE_MODULES = YES;
				CLANG_ENABLE_OBJC_ARC = YES;
				CLANG_ENABLE_OBJC_WEAK = YES;
				CLANG_WARN_BLOCK_CAPTURE_AUTORELEASING = YES;
				CLANG_WARN_BOOL_CONVERSION = YES;
				CLANG_WARN_COMMA = YES;
				CLANG_WARN_CONSTANT_CONVERSION = YES;
				CLANG_WARN_DEPRECATED_OBJC_IMPLEMENTATIONS = YES;
				CLANG_WARN_DIRECT_OBJC_ISA_USAGE = YES_ERROR;
				CLANG_WARN_DOCUMENTATION_COMMENTS = YES;
				CLANG_WARN_EMPTY_BODY = YES;
				CLANG_WARN_ENUM_CONVERSION = YES;
				CLANG_WARN_INFINITE_RECURSION = YES;
				CLANG_WARN_INT_CONVERSION = YES;
				CLANG_WARN_NON_LITERAL_NULL_CONVERSION = YES;
				CLANG_WARN_OBJC_IMPLICIT_RETAIN_SELF = YES;
				CLANG_WARN_OBJC_LITERAL_CONVERSION = YES;
				CLANG_WARN_OBJC_ROOT_CLASS = YES_ERROR;
				CLANG_WARN_RANGE_LOOP_ANALYSIS = YES;
				CLANG_WARN_STRICT_PROTOTYPES = YES;
				CLANG_WARN_SUSPICIOUS_MOVE = YES;
				CLANG_WARN_UNGUARDED_AVAILABILITY = YES_AGGRESSIVE;
				CLANG_WARN_UNREACHABLE_CODE = YES;
				CLANG_WARN__DUPLICATE_METHOD_MATCH = YES;
				CODE_SIGN_IDENTITY = "iPhone Developer";
				COPY_PHASE_STRIP = NO;
				DEBUG_INFORMATION_FORMAT = "dwarf-with-dsym";
				ENABLE_NS_ASSERTIONS = NO;
				ENABLE_STRICT_OBJC_MSGSEND = YES;
				GCC_C_LANGUAGE_STANDARD = gnu11;
				GCC_NO_COMMON_BLOCKS = YES;
				GCC_WARN_64_TO_32_BIT_CONVERSION = YES;
				GCC_WARN_ABOUT_RETURN_TYPE = YES_ERROR;
				GCC_WARN_UNDECLARED_SELECTOR = YES;
				GCC_WARN_UNINITIALIZED_AUTOS = YES_AGGRESSIVE;
				GCC_WARN_UNUSED_FUNCTION = YES;
				GCC_WARN_UNUSED_VARIABLE = YES;
				IPHONEOS_DEPLOYMENT_TARGET = 12.1;
				MTL_ENABLE_DEBUG_INFO = NO;
				MTL_FAST_MATH = YES;
				SDKROOT = iphoneos;
				SWIFT_COMPILATION_MODE = wholemodule;
				SWIFT_OPTIMIZATION_LEVEL = "-O";
				VALIDATE_PRODUCT = YES;
			};
			name = Release;
		};
		440FEB2421B19CFE00AA1867 /* Debug */ = {
			isa = XCBuildConfiguration;
			baseConfigurationReference = 4AA1374837C97017D4F4B5A6 /* Pods-FBSharingTool.debug.xcconfig */;
			buildSettings = {
				ASSETCATALOG_COMPILER_APPICON_NAME = AppIcon;
				CLANG_ENABLE_MODULES = YES;
				CODE_SIGN_STYLE = Manual;
				DEVELOPMENT_TEAM = 3HM347D6S3;
				INFOPLIST_FILE = FBSharingTool/Info.plist;
				LD_RUNPATH_SEARCH_PATHS = (
					"$(inherited)",
					"@executable_path/Frameworks",
				);
				PRODUCT_BUNDLE_IDENTIFIER = com.swipe.ios;
				PRODUCT_NAME = "$(TARGET_NAME)";
				PROVISIONING_PROFILE_SPECIFIER = SwipeStudioSwipeDevelopment;
				SWIFT_OBJC_BRIDGING_HEADER = "FBSharingTool-Bridging-Header.h";
				SWIFT_OPTIMIZATION_LEVEL = "-Onone";
				SWIFT_VERSION = 4.2;
				TARGETED_DEVICE_FAMILY = "1,2";
			};
			name = Debug;
		};
		440FEB2521B19CFE00AA1867 /* Release */ = {
			isa = XCBuildConfiguration;
			baseConfigurationReference = 163A2473F58ABED6199008FC /* Pods-FBSharingTool.release.xcconfig */;
			buildSettings = {
				ASSETCATALOG_COMPILER_APPICON_NAME = AppIcon;
				CLANG_ENABLE_MODULES = YES;
				CODE_SIGN_STYLE = Manual;
				DEVELOPMENT_TEAM = "";
				INFOPLIST_FILE = FBSharingTool/Info.plist;
				LD_RUNPATH_SEARCH_PATHS = (
					"$(inherited)",
					"@executable_path/Frameworks",
				);
				PRODUCT_BUNDLE_IDENTIFIER = com.swipe.ios;
				PRODUCT_NAME = "$(TARGET_NAME)";
				PROVISIONING_PROFILE_SPECIFIER = "";
				SWIFT_OBJC_BRIDGING_HEADER = "FBSharingTool-Bridging-Header.h";
				SWIFT_VERSION = 4.2;
				TARGETED_DEVICE_FAMILY = "1,2";
			};
			name = Release;
		};
/* End XCBuildConfiguration section */

/* Begin XCConfigurationList section */
		440FEB0921B19CFC00AA1867 /* Build configuration list for PBXProject "FBSharingTool" */ = {
			isa = XCConfigurationList;
			buildConfigurations = (
				440FEB2121B19CFE00AA1867 /* Debug */,
				440FEB2221B19CFE00AA1867 /* Release */,
			);
			defaultConfigurationIsVisible = 0;
			defaultConfigurationName = Release;
		};
		440FEB2321B19CFE00AA1867 /* Build configuration list for PBXNativeTarget "FBSharingTool" */ = {
			isa = XCConfigurationList;
			buildConfigurations = (
				440FEB2421B19CFE00AA1867 /* Debug */,
				440FEB2521B19CFE00AA1867 /* Release */,
			);
			defaultConfigurationIsVisible = 0;
			defaultConfigurationName = Release;
		};
/* End XCConfigurationList section */

/* Begin XCVersionGroup section */
		440FEB1821B19CFC00AA1867 /* FBSharingTool.xcdatamodeld */ = {
			isa = XCVersionGroup;
			children = (
				440FEB1921B19CFC00AA1867 /* FBSharingTool.xcdatamodel */,
			);
			currentVersion = 440FEB1921B19CFC00AA1867 /* FBSharingTool.xcdatamodel */;
			path = FBSharingTool.xcdatamodeld;
			sourceTree = "<group>";
			versionGroupType = wrapper.xcdatamodel;
		};
/* End XCVersionGroup section */
	};
	rootObject = 440FEB0621B19CFC00AA1867 /* Project object */;
}
